{
  "version": 4,
  "terraform_version": "1.9.5",
  "serial": 104,
  "lineage": "89b71906-7aa7-9c88-e96a-ada61fb46199",
  "outputs": {
    "docker_ver": {
      "value": {
        "content": "Client: Docker Engine - Community\n Version:           27.2.1\n API version:       1.47\n Go version:        go1.22.7\n Git commit:        9e34c9b\n Built:             Fri Sep  6 12:08:02 2024\n OS/Arch:           linux/amd64\n Context:           default\n\nServer: Docker Engine - Community\n Engine:\n  Version:          27.2.1\n  API version:      1.47 (minimum version 1.24)\n  Go version:       go1.22.7\n  Git commit:       8b539b8\n  Built:            Fri Sep  6 12:08:02 2024\n  OS/Arch:          linux/amd64\n  Experimental:     false\n containerd:\n  Version:          1.7.22\n  GitCommit:        7f7fdf5fed64eb6a7caf99b3e12efcf9d60e311c\n runc:\n  Version:          1.1.14\n  GitCommit:        v1.1.14-0-g2c9f560\n docker-init:\n  Version:          0.19.0\n  GitCommit:        de40ad0\n",
        "content_base64": "Q2xpZW50OiBEb2NrZXIgRW5naW5lIC0gQ29tbXVuaXR5CiBWZXJzaW9uOiAgICAgICAgICAgMjcuMi4xCiBBUEkgdmVyc2lvbjogICAgICAgMS40NwogR28gdmVyc2lvbjogICAgICAgIGdvMS4yMi43CiBHaXQgY29tbWl0OiAgICAgICAgOWUzNGM5YgogQnVpbHQ6ICAgICAgICAgICAgIEZyaSBTZXAgIDYgMTI6MDg6MDIgMjAyNAogT1MvQXJjaDogICAgICAgICAgIGxpbnV4L2FtZDY0CiBDb250ZXh0OiAgICAgICAgICAgZGVmYXVsdAoKU2VydmVyOiBEb2NrZXIgRW5naW5lIC0gQ29tbXVuaXR5CiBFbmdpbmU6CiAgVmVyc2lvbjogICAgICAgICAgMjcuMi4xCiAgQVBJIHZlcnNpb246ICAgICAgMS40NyAobWluaW11bSB2ZXJzaW9uIDEuMjQpCiAgR28gdmVyc2lvbjogICAgICAgZ28xLjIyLjcKICBHaXQgY29tbWl0OiAgICAgICA4YjUzOWI4CiAgQnVpbHQ6ICAgICAgICAgICAgRnJpIFNlcCAgNiAxMjowODowMiAyMDI0CiAgT1MvQXJjaDogICAgICAgICAgbGludXgvYW1kNjQKICBFeHBlcmltZW50YWw6ICAgICBmYWxzZQogY29udGFpbmVyZDoKICBWZXJzaW9uOiAgICAgICAgICAxLjcuMjIKICBHaXRDb21taXQ6ICAgICAgICA3ZjdmZGY1ZmVkNjRlYjZhN2NhZjk5YjNlMTJlZmNmOWQ2MGUzMTFjCiBydW5jOgogIFZlcnNpb246ICAgICAgICAgIDEuMS4xNAogIEdpdENvbW1pdDogICAgICAgIHYxLjEuMTQtMC1nMmM5ZjU2MAogZG9ja2VyLWluaXQ6CiAgVmVyc2lvbjogICAgICAgICAgMC4xOS4wCiAgR2l0Q29tbWl0OiAgICAgICAgZGU0MGFkMAo=",
        "content_base64sha256": "tKWUO/NVA3pQJVRfz1TGFunFvCll9YAEFThn6p2NV3k=",
        "content_base64sha512": "GBGTjzsdEkuzB4sQgnzXGIVVLFkQKOVDIwkCTEkInWUtyxiamFVDH/qpkv+WFlF5L3YamjLyULm8JognwpBqxg==",
        "content_md5": "b11a598b06716827f4c6f1a01c6af967",
        "content_sha1": "e7f4114212d453f8eb36451851230b985fb0b64a",
        "content_sha256": "b4a5943bf355037a5025545fcf54c616e9c5bc2965f58004153867ea9d8d5779",
        "content_sha512": "1811938f3b1d124bb3078b10827cd71885552c591028e5432309024c49089d652dcb189a9855431ffaa992ff961651792f761a9a32f250b9bc268827c2906ac6",
        "filename": "/tmp/docker_ver.txt",
        "id": "e7f4114212d453f8eb36451851230b985fb0b64a"
      },
      "type": [
        "object",
        {
          "content": "string",
          "content_base64": "string",
          "content_base64sha256": "string",
          "content_base64sha512": "string",
          "content_md5": "string",
          "content_sha1": "string",
          "content_sha256": "string",
          "content_sha512": "string",
          "filename": "string",
          "id": "string"
        }
      ]
    }
  },
  "resources": [
    {
      "module": "module.cvm",
      "mode": "data",
      "type": "local_file",
      "name": "docker_ver",
      "provider": "provider[\"registry.terraform.io/hashicorp/local\"]",
      "instances": [
        {
          "schema_version": 0,
          "attributes": {
            "content": "Client: Docker Engine - Community\n Version:           27.2.1\n API version:       1.47\n Go version:        go1.22.7\n Git commit:        9e34c9b\n Built:             Fri Sep  6 12:08:02 2024\n OS/Arch:           linux/amd64\n Context:           default\n\nServer: Docker Engine - Community\n Engine:\n  Version:          27.2.1\n  API version:      1.47 (minimum version 1.24)\n  Go version:       go1.22.7\n  Git commit:       8b539b8\n  Built:            Fri Sep  6 12:08:02 2024\n  OS/Arch:          linux/amd64\n  Experimental:     false\n containerd:\n  Version:          1.7.22\n  GitCommit:        7f7fdf5fed64eb6a7caf99b3e12efcf9d60e311c\n runc:\n  Version:          1.1.14\n  GitCommit:        v1.1.14-0-g2c9f560\n docker-init:\n  Version:          0.19.0\n  GitCommit:        de40ad0\n",
            "content_base64": "Q2xpZW50OiBEb2NrZXIgRW5naW5lIC0gQ29tbXVuaXR5CiBWZXJzaW9uOiAgICAgICAgICAgMjcuMi4xCiBBUEkgdmVyc2lvbjogICAgICAgMS40NwogR28gdmVyc2lvbjogICAgICAgIGdvMS4yMi43CiBHaXQgY29tbWl0OiAgICAgICAgOWUzNGM5YgogQnVpbHQ6ICAgICAgICAgICAgIEZyaSBTZXAgIDYgMTI6MDg6MDIgMjAyNAogT1MvQXJjaDogICAgICAgICAgIGxpbnV4L2FtZDY0CiBDb250ZXh0OiAgICAgICAgICAgZGVmYXVsdAoKU2VydmVyOiBEb2NrZXIgRW5naW5lIC0gQ29tbXVuaXR5CiBFbmdpbmU6CiAgVmVyc2lvbjogICAgICAgICAgMjcuMi4xCiAgQVBJIHZlcnNpb246ICAgICAgMS40NyAobWluaW11bSB2ZXJzaW9uIDEuMjQpCiAgR28gdmVyc2lvbjogICAgICAgZ28xLjIyLjcKICBHaXQgY29tbWl0OiAgICAgICA4YjUzOWI4CiAgQnVpbHQ6ICAgICAgICAgICAgRnJpIFNlcCAgNiAxMjowODowMiAyMDI0CiAgT1MvQXJjaDogICAgICAgICAgbGludXgvYW1kNjQKICBFeHBlcmltZW50YWw6ICAgICBmYWxzZQogY29udGFpbmVyZDoKICBWZXJzaW9uOiAgICAgICAgICAxLjcuMjIKICBHaXRDb21taXQ6ICAgICAgICA3ZjdmZGY1ZmVkNjRlYjZhN2NhZjk5YjNlMTJlZmNmOWQ2MGUzMTFjCiBydW5jOgogIFZlcnNpb246ICAgICAgICAgIDEuMS4xNAogIEdpdENvbW1pdDogICAgICAgIHYxLjEuMTQtMC1nMmM5ZjU2MAogZG9ja2VyLWluaXQ6CiAgVmVyc2lvbjogICAgICAgICAgMC4xOS4wCiAgR2l0Q29tbWl0OiAgICAgICAgZGU0MGFkMAo=",
            "content_base64sha256": "tKWUO/NVA3pQJVRfz1TGFunFvCll9YAEFThn6p2NV3k=",
            "content_base64sha512": "GBGTjzsdEkuzB4sQgnzXGIVVLFkQKOVDIwkCTEkInWUtyxiamFVDH/qpkv+WFlF5L3YamjLyULm8JognwpBqxg==",
            "content_md5": "b11a598b06716827f4c6f1a01c6af967",
            "content_sha1": "e7f4114212d453f8eb36451851230b985fb0b64a",
            "content_sha256": "b4a5943bf355037a5025545fcf54c616e9c5bc2965f58004153867ea9d8d5779",
            "content_sha512": "1811938f3b1d124bb3078b10827cd71885552c591028e5432309024c49089d652dcb189a9855431ffaa992ff961651792f761a9a32f250b9bc268827c2906ac6",
            "filename": "/tmp/docker_ver.txt",
            "id": "e7f4114212d453f8eb36451851230b985fb0b64a"
          },
          "sensitive_attributes": []
        }
      ]
    },
    {
      "module": "module.cvm",
      "mode": "data",
      "type": "tencentcloud_availability_zones_by_product",
      "name": "default",
      "provider": "module.cvm.provider[\"registry.terraform.io/tencentcloudstack/tencentcloud\"]",
      "instances": [
        {
          "schema_version": 0,
          "attributes": {
            "id": "1851109860",
            "include_unavailable": null,
            "name": null,
            "product": "cvm",
            "result_output_file": null,
            "zones": [
              {
                "description": "Hong Kong Zone 2",
                "id": "300002",
                "name": "ap-hongkong-2",
                "state": "AVAILABLE"
              },
              {
                "description": "Hong Kong Zone 3",
                "id": "300003",
                "name": "ap-hongkong-3",
                "state": "AVAILABLE"
              }
            ]
          },
          "sensitive_attributes": []
        }
      ]
    },
    {
      "module": "module.cvm",
      "mode": "data",
      "type": "tencentcloud_images",
      "name": "default",
      "provider": "module.cvm.provider[\"registry.terraform.io/tencentcloudstack/tencentcloud\"]",
      "instances": [
        {
          "schema_version": 0,
          "attributes": {
            "id": "572099355",
            "image_id": null,
            "image_name_regex": null,
            "image_type": [
              "PUBLIC_IMAGE"
            ],
            "images": [
              {
                "architecture": "x86_64",
                "created_time": "",
                "image_creator": "",
                "image_description": "Ubuntu Server 24.04 LTS 64bit",
                "image_id": "img-mmytdhbn",
                "image_name": "Ubuntu Server 24.04 LTS 64bit",
                "image_size": 20,
                "image_source": "OFFICIAL",
                "image_state": "NORMAL",
                "image_type": "PUBLIC_IMAGE",
                "os_name": "Ubuntu Server 24.04 LTS 64bit",
                "platform": "Ubuntu",
                "snapshots": [],
                "support_cloud_init": true,
                "sync_percent": 0
              },
              {
                "architecture": "x86_64",
                "created_time": "",
                "image_creator": "",
                "image_description": "Ubuntu Server 22.04 LTS 64bit",
                "image_id": "img-487zeit5",
                "image_name": "Ubuntu Server 22.04 LTS 64bit",
                "image_size": 20,
                "image_source": "OFFICIAL",
                "image_state": "NORMAL",
                "image_type": "PUBLIC_IMAGE",
                "os_name": "Ubuntu Server 22.04 LTS 64bit",
                "platform": "Ubuntu",
                "snapshots": [],
                "support_cloud_init": true,
                "sync_percent": 0
              },
              {
                "architecture": "x86_64",
                "created_time": "",
                "image_creator": "",
                "image_description": "Ubuntu Server 22.04 LTS 64bit GRID16.2",
                "image_id": "img-fipweiwz",
                "image_name": "Ubuntu Server 22.04 LTS 64bit GRID16.2",
                "image_size": 20,
                "image_source": "OFFICIAL",
                "image_state": "NORMAL",
                "image_type": "PUBLIC_IMAGE",
                "os_name": "Ubuntu Server 22.04 LTS 64bit GRID16.2",
                "platform": "Ubuntu",
                "snapshots": [],
                "support_cloud_init": true,
                "sync_percent": 0
              },
              {
                "architecture": "x86_64",
                "created_time": "",
                "image_creator": "",
                "image_description": "Ubuntu Server 20.04 LTS 64bit",
                "image_id": "img-22trbn9x",
                "image_name": "Ubuntu Server 20.04 LTS 64bit",
                "image_size": 20,
                "image_source": "OFFICIAL",
                "image_state": "NORMAL",
                "image_type": "PUBLIC_IMAGE",
                "os_name": "Ubuntu Server 20.04 LTS 64bit",
                "platform": "Ubuntu",
                "snapshots": [],
                "support_cloud_init": true,
                "sync_percent": 0
              },
              {
                "architecture": "x86_64",
                "created_time": "",
                "image_creator": "",
                "image_description": "Ubuntu Server 20.04 LTS 64bit GRID16.2",
                "image_id": "img-rx55p5nv",
                "image_name": "Ubuntu Server 20.04 LTS 64bit GRID16.2",
                "image_size": 20,
                "image_source": "OFFICIAL",
                "image_state": "NORMAL",
                "image_type": "PUBLIC_IMAGE",
                "os_name": "Ubuntu Server 20.04 LTS 64bit GRID16.2",
                "platform": "Ubuntu",
                "snapshots": [],
                "support_cloud_init": true,
                "sync_percent": 0
              },
              {
                "architecture": "x86_64",
                "created_time": "",
                "image_creator": "",
                "image_description": "Ubuntu Server 20.04 LTS 64bit GRID11.1",
                "image_id": "img-j10l2cnz",
                "image_name": "Ubuntu Server 20.04 LTS 64bit GRID11.1",
                "image_size": 20,
                "image_source": "OFFICIAL",
                "image_state": "NORMAL",
                "image_type": "PUBLIC_IMAGE",
                "os_name": "Ubuntu Server 20.04 LTS 64bit GRID11.1",
                "platform": "Ubuntu",
                "snapshots": [],
                "support_cloud_init": true,
                "sync_percent": 0
              },
              {
                "architecture": "arm",
                "created_time": "",
                "image_creator": "",
                "image_description": "Ubuntu 20.04(arm64)",
                "image_id": "img-2eokmhf5",
                "image_name": "Ubuntu 20.04(arm64)",
                "image_size": 20,
                "image_source": "OFFICIAL",
                "image_state": "NORMAL",
                "image_type": "PUBLIC_IMAGE",
                "os_name": "Ubuntu 20.04(arm64)",
                "platform": "Ubuntu",
                "snapshots": [],
                "support_cloud_init": true,
                "sync_percent": 0
              },
              {
                "architecture": "x86_64",
                "created_time": "",
                "image_creator": "",
                "image_description": "Ubuntu Server 18.04 LTS 64bit",
                "image_id": "img-pi0ii46r",
                "image_name": "Ubuntu Server 18.04 LTS 64bit",
                "image_size": 20,
                "image_source": "OFFICIAL",
                "image_state": "NORMAL",
                "image_type": "PUBLIC_IMAGE",
                "os_name": "Ubuntu Server 18.04 LTS 64bit",
                "platform": "Ubuntu",
                "snapshots": [],
                "support_cloud_init": true,
                "sync_percent": 0
              },
              {
                "architecture": "arm",
                "created_time": "",
                "image_creator": "",
                "image_description": "Ubuntu 18.04(arm64)",
                "image_id": "img-9eh8c1p1",
                "image_name": "Ubuntu 18.04(arm64)",
                "image_size": 20,
                "image_source": "OFFICIAL",
                "image_state": "NORMAL",
                "image_type": "PUBLIC_IMAGE",
                "os_name": "Ubuntu 18.04(arm64)",
                "platform": "Ubuntu",
                "snapshots": [],
                "support_cloud_init": true,
                "sync_percent": 0
              },
              {
                "architecture": "x86_64",
                "created_time": "",
                "image_creator": "",
                "image_description": "Ubuntu Server 16.04 LTS 64bit",
                "image_id": "img-pyqx34y1",
                "image_name": "Ubuntu Server 16.04 LTS 64bit",
                "image_size": 20,
                "image_source": "OFFICIAL",
                "image_state": "NORMAL",
                "image_type": "PUBLIC_IMAGE",
                "os_name": "Ubuntu Server 16.04 LTS 64bit",
                "platform": "Ubuntu",
                "snapshots": [],
                "support_cloud_init": true,
                "sync_percent": 0
              },
              {
                "architecture": "i386",
                "created_time": "",
                "image_creator": "",
                "image_description": "Ubuntu Server 16.04 LTS 32bit",
                "image_id": "img-8u6dn6p1",
                "image_name": "Ubuntu Server 16.04 LTS 32bit",
                "image_size": 20,
                "image_source": "OFFICIAL",
                "image_state": "NORMAL",
                "image_type": "PUBLIC_IMAGE",
                "os_name": "Ubuntu Server 16.04 LTS 32bit",
                "platform": "Ubuntu",
                "snapshots": [],
                "support_cloud_init": true,
                "sync_percent": 0
              },
              {
                "architecture": "x86_64",
                "created_time": "",
                "image_creator": "",
                "image_description": "Ubuntu Server 14.04 LTS 64bit",
                "image_id": "img-3wnd9xpl",
                "image_name": "Ubuntu Server 14.04 LTS 64bit",
                "image_size": 20,
                "image_source": "OFFICIAL",
                "image_state": "NORMAL",
                "image_type": "PUBLIC_IMAGE",
                "os_name": "Ubuntu Server 14.04 LTS 64bit",
                "platform": "Ubuntu",
                "snapshots": [],
                "support_cloud_init": true,
                "sync_percent": 0
              },
              {
                "architecture": "i386",
                "created_time": "",
                "image_creator": "",
                "image_description": "Ubuntu Server 14.04 LTS 32bit",
                "image_id": "img-qpxvpujt",
                "image_name": "Ubuntu Server 14.04 LTS 32bit",
                "image_size": 50,
                "image_source": "OFFICIAL",
                "image_state": "NORMAL",
                "image_type": "PUBLIC_IMAGE",
                "os_name": "Ubuntu Server 14.04 LTS 32bit",
                "platform": "Ubuntu",
                "snapshots": [],
                "support_cloud_init": false,
                "sync_percent": 0
              }
            ],
            "instance_type": null,
            "os_name": "ubuntu",
            "result_output_file": null
          },
          "sensitive_attributes": []
        }
      ]
    },
    {
      "module": "module.cvm",
      "mode": "data",
      "type": "tencentcloud_instance_types",
      "name": "default",
      "provider": "module.cvm.provider[\"registry.terraform.io/tencentcloudstack/tencentcloud\"]",
      "instances": [
        {
          "schema_version": 0,
          "attributes": {
            "availability_zone": null,
            "cpu_core_count": 2,
            "exclude_sold_out": true,
            "filter": [
              {
                "name": "instance-family",
                "values": [
                  "SA5"
                ]
              }
            ],
            "gpu_core_count": null,
            "id": "101746864",
            "instance_types": [
              {
                "availability_zone": "ap-hongkong-2",
                "cpu_core_count": 2,
                "family": "SA5",
                "gpu_core_count": 0,
                "instance_charge_type": "PREPAID",
                "instance_type": "SA5.MEDIUM4",
                "memory_size": 4,
                "status": "SELL"
              },
              {
                "availability_zone": "ap-hongkong-3",
                "cpu_core_count": 2,
                "family": "SA5",
                "gpu_core_count": 0,
                "instance_charge_type": "PREPAID",
                "instance_type": "SA5.MEDIUM4",
                "memory_size": 4,
                "status": "SELL"
              },
              {
                "availability_zone": "ap-hongkong-2",
                "cpu_core_count": 2,
                "family": "SA5",
                "gpu_core_count": 0,
                "instance_charge_type": "POSTPAID_BY_HOUR",
                "instance_type": "SA5.MEDIUM4",
                "memory_size": 4,
                "status": "SELL"
              },
              {
                "availability_zone": "ap-hongkong-3",
                "cpu_core_count": 2,
                "family": "SA5",
                "gpu_core_count": 0,
                "instance_charge_type": "POSTPAID_BY_HOUR",
                "instance_type": "SA5.MEDIUM4",
                "memory_size": 4,
                "status": "SELL"
              },
              {
                "availability_zone": "ap-hongkong-2",
                "cpu_core_count": 2,
                "family": "SA5",
                "gpu_core_count": 0,
                "instance_charge_type": "SPOTPAID",
                "instance_type": "SA5.MEDIUM4",
                "memory_size": 4,
                "status": "SELL"
              },
              {
                "availability_zone": "ap-hongkong-3",
                "cpu_core_count": 2,
                "family": "SA5",
                "gpu_core_count": 0,
                "instance_charge_type": "SPOTPAID",
                "instance_type": "SA5.MEDIUM4",
                "memory_size": 4,
                "status": "SELL"
              }
            ],
            "memory_size": 4,
            "result_output_file": null
          },
          "sensitive_attributes": []
        }
      ]
    },
    {
      "module": "module.cvm",
      "mode": "managed",
      "type": "null_resource",
      "name": "get_docker_ver",
      "provider": "provider[\"registry.terraform.io/hashicorp/null\"]",
      "instances": [
        {
          "schema_version": 0,
          "attributes": {
            "id": "6239906323428441570",
            "triggers": null
          },
          "sensitive_attributes": [],
          "dependencies": [
            "module.cvm.data.tencentcloud_availability_zones_by_product.default",
            "module.cvm.data.tencentcloud_images.default",
            "module.cvm.data.tencentcloud_instance_types.default",
            "module.cvm.tencentcloud_instance.web",
            "module.cvm.tencentcloud_security_group.default",
            "module.cvm.tencentcloud_security_group_lite_rule.default"
          ]
        }
      ]
    },
    {
      "module": "module.cvm",
      "mode": "managed",
      "type": "tencentcloud_instance",
      "name": "web",
      "provider": "module.cvm.provider[\"registry.terraform.io/tencentcloudstack/tencentcloud\"]",
      "instances": [
        {
          "index_key": 0,
          "schema_version": 0,
          "attributes": {
            "allocate_public_ip": true,
            "availability_zone": "ap-hongkong-2",
            "bandwidth_package_id": null,
            "cam_role_name": "",
            "cdh_host_id": null,
            "cdh_instance_type": null,
            "create_time": "2024-09-17T03:55:10Z",
            "data_disks": [],
            "disable_api_termination": false,
            "disable_monitor_service": false,
            "disable_security_service": false,
            "expired_time": "",
            "force_delete": false,
            "hostname": null,
            "id": "ins-l6mu55d0",
            "image_id": "img-mmytdhbn",
            "instance_charge_type": "SPOTPAID",
            "instance_charge_type_prepaid_period": null,
            "instance_charge_type_prepaid_renew_flag": "",
            "instance_count": null,
            "instance_name": "web server",
            "instance_status": "RUNNING",
            "instance_type": "SA5.MEDIUM4",
            "internet_charge_type": "TRAFFIC_POSTPAID_BY_HOUR",
            "internet_max_bandwidth_out": 100,
            "keep_image_login": null,
            "key_ids": [
              ""
            ],
            "key_name": "",
            "orderly_security_groups": [
              "sg-rjgykyv1"
            ],
            "password": "password123",
            "placement_group_id": null,
            "private_ip": "172.19.0.12",
            "project_id": 0,
            "public_ip": "43.135.39.126",
            "running_flag": true,
            "security_groups": [
              "sg-rjgykyv1"
            ],
            "spot_instance_type": null,
            "spot_max_price": null,
            "stopped_mode": null,
            "subnet_id": "subnet-60ktywgz",
            "system_disk_id": "disk-k8mja1om",
            "system_disk_size": 50,
            "system_disk_type": "CLOUD_BSSD",
            "tags": {},
            "user_data": null,
            "user_data_raw": null,
            "vpc_id": "vpc-1es29dec"
          },
          "sensitive_attributes": [
            [
              {
                "type": "get_attr",
                "value": "password"
              }
            ]
          ],
          "private": "bnVsbA==",
          "dependencies": [
            "module.cvm.data.tencentcloud_availability_zones_by_product.default",
            "module.cvm.data.tencentcloud_images.default",
            "module.cvm.data.tencentcloud_instance_types.default",
            "module.cvm.tencentcloud_security_group.default",
            "module.cvm.tencentcloud_security_group_lite_rule.default"
          ]
        }
      ]
    },
    {
      "module": "module.cvm",
      "mode": "managed",
      "type": "tencentcloud_security_group",
      "name": "default",
      "provider": "module.cvm.provider[\"registry.terraform.io/tencentcloudstack/tencentcloud\"]",
      "instances": [
        {
          "schema_version": 0,
          "attributes": {
            "description": "make it accessible for both production and stage ports",
            "id": "sg-rjgykyv1",
            "name": "tf-security-group",
            "project_id": 0,
            "tags": {}
          },
          "sensitive_attributes": [],
          "private": "bnVsbA=="
        }
      ]
    },
    {
      "module": "module.cvm",
      "mode": "managed",
      "type": "tencentcloud_security_group_lite_rule",
      "name": "default",
      "provider": "module.cvm.provider[\"registry.terraform.io/tencentcloudstack/tencentcloud\"]",
      "instances": [
        {
          "schema_version": 0,
          "attributes": {
            "egress": [
              "ACCEPT#0.0.0.0/0#ALL#ALL"
            ],
            "id": "sg-rjgykyv1",
            "ingress": [
              "ACCEPT#0.0.0.0/0#22#TCP",
              "ACCEPT#0.0.0.0/0#6443#TCP"
            ],
            "security_group_id": "sg-rjgykyv1"
          },
          "sensitive_attributes": [],
          "private": "bnVsbA==",
          "dependencies": [
            "module.cvm.tencentcloud_security_group.default"
          ]
        }
      ]
    }
  ],
  "check_results": null
}
