{
  "version": 4,
  "terraform_version": "1.9.5",
  "serial": 1,
  "lineage": "29c221b4-c2c8-a70c-52a2-41e7bf7c74c8",
  "outputs": {},
  "resources": [
    {
      "mode": "data",
      "type": "tencentcloud_availability_zones",
      "name": "default",
      "provider": "provider[\"registry.terraform.io/tencentcloudstack/tencentcloud\"]",
      "instances": [
        {
          "schema_version": 0,
          "attributes": {
            "id": "556068968",
            "include_unavailable": null,
            "name": null,
            "result_output_file": null,
            "zones": [
              {
                "description": "Guangzhou Zone 6",
                "id": "100006",
                "name": "ap-guangzhou-6",
                "state": "AVAILABLE"
              },
              {
                "description": "Guangzhou Zone 7",
                "id": "100007",
                "name": "ap-guangzhou-7",
                "state": "AVAILABLE"
              }
            ]
          },
          "sensitive_attributes": []
        }
      ]
    },
    {
      "mode": "data",
      "type": "tencentcloud_images",
      "name": "default",
      "provider": "provider[\"registry.terraform.io/tencentcloudstack/tencentcloud\"]",
      "instances": [
        {
          "schema_version": 0,
          "attributes": {
            "id": "3592737936",
            "image_id": null,
            "image_name_regex": null,
            "image_type": [
              "PUBLIC_IMAGE"
            ],
            "images": [
              {
                "architecture": "x86_64",
                "created_time": "",
                "image_creator": "",
                "image_description": "TencentOS Server 3.1 (TK4)",
                "image_id": "img-eb30mz89",
                "image_name": "TencentOS Server 3.1 (TK4)",
                "image_size": 20,
                "image_source": "OFFICIAL",
                "image_state": "NORMAL",
                "image_type": "PUBLIC_IMAGE",
                "os_name": "TencentOS Server 3.1 (TK4)",
                "platform": "TencentOS",
                "snapshots": [],
                "support_cloud_init": true,
                "sync_percent": 0
              },
              {
                "architecture": "arm",
                "created_time": "",
                "image_creator": "",
                "image_description": "TencentOS Server 3.1 for ARM64 (TK4)",
                "image_id": "img-9a0eg8mt",
                "image_name": "TencentOS Server 3.1 for ARM64 (TK4)",
                "image_size": 20,
                "image_source": "OFFICIAL",
                "image_state": "NORMAL",
                "image_type": "PUBLIC_IMAGE",
                "os_name": "TencentOS Server 3.1 for ARM64 (TK4)",
                "platform": "TencentOS",
                "snapshots": [],
                "support_cloud_init": true,
                "sync_percent": 0
              },
              {
                "architecture": "x86_64",
                "created_time": "",
                "image_creator": "",
                "image_description": "TencentOS Server 3.1 (TK4) GRID16.2",
                "image_id": "img-rpha6sed",
                "image_name": "TencentOS Server 3.1 (TK4) GRID16.2",
                "image_size": 20,
                "image_source": "OFFICIAL",
                "image_state": "NORMAL",
                "image_type": "PUBLIC_IMAGE",
                "os_name": "TencentOS Server 3.1 (TK4) GRID16.2",
                "platform": "TencentOS",
                "snapshots": [],
                "support_cloud_init": true,
                "sync_percent": 0
              },
              {
                "architecture": "x86_64",
                "created_time": "",
                "image_creator": "",
                "image_description": "TencentOS Server 2.4 (TK4)",
                "image_id": "img-9axl1k53",
                "image_name": "TencentOS Server 2.4 (TK4)",
                "image_size": 20,
                "image_source": "OFFICIAL",
                "image_state": "NORMAL",
                "image_type": "PUBLIC_IMAGE",
                "os_name": "TencentOS Server 2.4 (TK4)",
                "platform": "TencentOS",
                "snapshots": [],
                "support_cloud_init": true,
                "sync_percent": 0
              },
              {
                "architecture": "x86_64",
                "created_time": "",
                "image_creator": "",
                "image_description": "TencentOS Server 2.4",
                "image_id": "img-hdt9xxkt",
                "image_name": "TencentOS Server 2.4",
                "image_size": 20,
                "image_source": "OFFICIAL",
                "image_state": "NORMAL",
                "image_type": "PUBLIC_IMAGE",
                "os_name": "TencentOS Server 2.4",
                "platform": "TencentOS",
                "snapshots": [],
                "support_cloud_init": true,
                "sync_percent": 0
              },
              {
                "architecture": "arm",
                "created_time": "",
                "image_creator": "",
                "image_description": "TencentOS Server 2.4 for ARM64（TK4）",
                "image_id": "img-ieb3k16j",
                "image_name": "TencentOS Server 2.4 for ARM64（TK4）",
                "image_size": 20,
                "image_source": "OFFICIAL",
                "image_state": "NORMAL",
                "image_type": "PUBLIC_IMAGE",
                "os_name": "TencentOS Server 2.4 for ARM64（TK4）",
                "platform": "TencentOS",
                "snapshots": [],
                "support_cloud_init": true,
                "sync_percent": 0
              },
              {
                "architecture": "arm",
                "created_time": "",
                "image_creator": "",
                "image_description": "TencentOS Server 2.4 (ARM64)",
                "image_id": "img-l7xr2ilb",
                "image_name": "TencentOS Server 2.4 (ARM64)",
                "image_size": 20,
                "image_source": "OFFICIAL",
                "image_state": "NORMAL",
                "image_type": "PUBLIC_IMAGE",
                "os_name": "TencentOS Server 2.4 (ARM64)",
                "platform": "TencentOS",
                "snapshots": [],
                "support_cloud_init": true,
                "sync_percent": 0
              },
              {
                "architecture": "x86_64",
                "created_time": "",
                "image_creator": "",
                "image_description": "CentOS 7.9 64bit",
                "image_id": "img-l8og963d",
                "image_name": "CentOS 7.9 64bit",
                "image_size": 20,
                "image_source": "OFFICIAL",
                "image_state": "NORMAL",
                "image_type": "PUBLIC_IMAGE",
                "os_name": "CentOS 7.9 64bit",
                "platform": "CentOS",
                "snapshots": [],
                "support_cloud_init": true,
                "sync_percent": 0
              },
              {
                "architecture": "arm",
                "created_time": "",
                "image_creator": "",
                "image_description": "CentOS 7.9(arm64)",
                "image_id": "img-50v2hx0z",
                "image_name": "CentOS 7.9(arm64)",
                "image_size": 20,
                "image_source": "OFFICIAL",
                "image_state": "NORMAL",
                "image_type": "PUBLIC_IMAGE",
                "os_name": "CentOS 7.9(arm64)",
                "platform": "CentOS",
                "snapshots": [],
                "support_cloud_init": true,
                "sync_percent": 0
              },
              {
                "architecture": "x86_64",
                "created_time": "",
                "image_creator": "",
                "image_description": "CentOS 7.8 64bit",
                "image_id": "img-3la7wgnt",
                "image_name": "CentOS 7.8 64bit",
                "image_size": 20,
                "image_source": "OFFICIAL",
                "image_state": "NORMAL",
                "image_type": "PUBLIC_IMAGE",
                "os_name": "CentOS 7.8 64bit",
                "platform": "CentOS",
                "snapshots": [],
                "support_cloud_init": true,
                "sync_percent": 0
              },
              {
                "architecture": "x86_64",
                "created_time": "",
                "image_creator": "",
                "image_description": "CentOS 7.7 64bit",
                "image_id": "img-1u6l2i9l",
                "image_name": "CentOS 7.7 64bit",
                "image_size": 20,
                "image_source": "OFFICIAL",
                "image_state": "NORMAL",
                "image_type": "PUBLIC_IMAGE",
                "os_name": "CentOS 7.7 64bit",
                "platform": "CentOS",
                "snapshots": [],
                "support_cloud_init": true,
                "sync_percent": 0
              },
              {
                "architecture": "x86_64",
                "created_time": "",
                "image_creator": "",
                "image_description": "CentOS 7.6 64bit",
                "image_id": "img-9qabwvbn",
                "image_name": "CentOS 7.6 64bit",
                "image_size": 20,
                "image_source": "OFFICIAL",
                "image_state": "NORMAL",
                "image_type": "PUBLIC_IMAGE",
                "os_name": "CentOS 7.6 64bit",
                "platform": "CentOS",
                "snapshots": [],
                "support_cloud_init": true,
                "sync_percent": 0
              },
              {
                "architecture": "x86_64",
                "created_time": "",
                "image_creator": "",
                "image_description": "CentOS 7.6 64bit + SG1-pv1.3",
                "image_id": "img-7ilszol5",
                "image_name": "CentOS 7.6 64bit + SG1-pv1.3",
                "image_size": 20,
                "image_source": "OFFICIAL",
                "image_state": "NORMAL",
                "image_type": "PUBLIC_IMAGE",
                "os_name": "CentOS 7.6 64bit + SG1-pv1.3",
                "platform": "CentOS",
                "snapshots": [],
                "support_cloud_init": true,
                "sync_percent": 0
              },
              {
                "architecture": "x86_64",
                "created_time": "",
                "image_creator": "",
                "image_description": "CentOS 7.6 64bit + SG1-pv1.4",
                "image_id": "img-r8vp31hn",
                "image_name": "CentOS 7.6 64bit + SG1-pv1.4",
                "image_size": 20,
                "image_source": "OFFICIAL",
                "image_state": "NORMAL",
                "image_type": "PUBLIC_IMAGE",
                "os_name": "CentOS 7.6 64bit + SG1-pv1.4",
                "platform": "CentOS",
                "snapshots": [],
                "support_cloud_init": true,
                "sync_percent": 0
              },
              {
                "architecture": "x86_64",
                "created_time": "",
                "image_creator": "",
                "image_description": "CentOS 7.6 64bit + SG1-pv1.5",
                "image_id": "img-all2luul",
                "image_name": "CentOS 7.6 64bit + SG1-pv1.5",
                "image_size": 20,
                "image_source": "OFFICIAL",
                "image_state": "NORMAL",
                "image_type": "PUBLIC_IMAGE",
                "os_name": "CentOS 7.6 64bit + SG1-pv1.5",
                "platform": "CentOS",
                "snapshots": [],
                "support_cloud_init": true,
                "sync_percent": 0
              },
              {
                "architecture": "x86_64",
                "created_time": "",
                "image_creator": "",
                "image_description": "CentOS 7.5 64bit",
                "image_id": "img-oikl1tzv",
                "image_name": "CentOS 7.5 64bit",
                "image_size": 20,
                "image_source": "OFFICIAL",
                "image_state": "NORMAL",
                "image_type": "PUBLIC_IMAGE",
                "os_name": "CentOS 7.5 64bit",
                "platform": "CentOS",
                "snapshots": [],
                "support_cloud_init": true,
                "sync_percent": 0
              },
              {
                "architecture": "x86_64",
                "created_time": "",
                "image_creator": "",
                "image_description": "CentOS 7.4 64bit",
                "image_id": "img-8toqc6s3",
                "image_name": "CentOS 7.4 64bit",
                "image_size": 20,
                "image_source": "OFFICIAL",
                "image_state": "NORMAL",
                "image_type": "PUBLIC_IMAGE",
                "os_name": "CentOS 7.4 64bit",
                "platform": "CentOS",
                "snapshots": [],
                "support_cloud_init": true,
                "sync_percent": 0
              },
              {
                "architecture": "arm",
                "created_time": "",
                "image_creator": "",
                "image_description": "CentOS 7.4(arm64)",
                "image_id": "img-k4xgkxa5",
                "image_name": "CentOS 7.4(arm64)",
                "image_size": 20,
                "image_source": "OFFICIAL",
                "image_state": "NORMAL",
                "image_type": "PUBLIC_IMAGE",
                "os_name": "CentOS 7.4(arm64)",
                "platform": "CentOS",
                "snapshots": [],
                "support_cloud_init": true,
                "sync_percent": 0
              },
              {
                "architecture": "x86_64",
                "created_time": "",
                "image_creator": "",
                "image_description": "CentOS 7.3 64bit",
                "image_id": "img-dkwyg6sr",
                "image_name": "CentOS 7.3 64bit",
                "image_size": 20,
                "image_source": "OFFICIAL",
                "image_state": "NORMAL",
                "image_type": "PUBLIC_IMAGE",
                "os_name": "CentOS 7.3 64bit",
                "platform": "CentOS",
                "snapshots": [],
                "support_cloud_init": true,
                "sync_percent": 0
              },
              {
                "architecture": "x86_64",
                "created_time": "",
                "image_creator": "",
                "image_description": "CentOS 7.2 64bit",
                "image_id": "img-31tjrtph",
                "image_name": "CentOS 7.2 64bit",
                "image_size": 20,
                "image_source": "OFFICIAL",
                "image_state": "NORMAL",
                "image_type": "PUBLIC_IMAGE",
                "os_name": "CentOS 7.2 64bit",
                "platform": "CentOS",
                "snapshots": [],
                "support_cloud_init": true,
                "sync_percent": 0
              },
              {
                "architecture": "x86_64",
                "created_time": "",
                "image_creator": "",
                "image_description": "CentOS 8.5 64bit",
                "image_id": "img-es95t8wj",
                "image_name": "CentOS 8.5 64bit",
                "image_size": 20,
                "image_source": "OFFICIAL",
                "image_state": "NORMAL",
                "image_type": "PUBLIC_IMAGE",
                "os_name": "CentOS 8.5 64bit",
                "platform": "CentOS",
                "snapshots": [],
                "support_cloud_init": true,
                "sync_percent": 0
              },
              {
                "architecture": "x86_64",
                "created_time": "",
                "image_creator": "",
                "image_description": "CentOS 8.4 64bit",
                "image_id": "img-l5eqiljn",
                "image_name": "CentOS 8.4 64bit",
                "image_size": 20,
                "image_source": "OFFICIAL",
                "image_state": "NORMAL",
                "image_type": "PUBLIC_IMAGE",
                "os_name": "CentOS 8.4 64bit",
                "platform": "CentOS",
                "snapshots": [],
                "support_cloud_init": true,
                "sync_percent": 0
              },
              {
                "architecture": "x86_64",
                "created_time": "",
                "image_creator": "",
                "image_description": "CentOS 8.3 64bit",
                "image_id": "img-5w4qozfr",
                "image_name": "CentOS 8.3 64bit",
                "image_size": 20,
                "image_source": "OFFICIAL",
                "image_state": "NORMAL",
                "image_type": "PUBLIC_IMAGE",
                "os_name": "CentOS 8.3 64bit",
                "platform": "CentOS",
                "snapshots": [],
                "support_cloud_init": true,
                "sync_percent": 0
              },
              {
                "architecture": "x86_64",
                "created_time": "",
                "image_creator": "",
                "image_description": "CentOS 8.2 64bit",
                "image_id": "img-n7nyt2d7",
                "image_name": "CentOS 8.2 64bit",
                "image_size": 20,
                "image_source": "OFFICIAL",
                "image_state": "NORMAL",
                "image_type": "PUBLIC_IMAGE",
                "os_name": "CentOS 8.2 64bit",
                "platform": "CentOS",
                "snapshots": [],
                "support_cloud_init": true,
                "sync_percent": 0
              },
              {
                "architecture": "arm",
                "created_time": "",
                "image_creator": "",
                "image_description": "CentOS 8.2(arm64)",
                "image_id": "img-n74hgdxx",
                "image_name": "CentOS 8.2(arm64)",
                "image_size": 20,
                "image_source": "OFFICIAL",
                "image_state": "NORMAL",
                "image_type": "PUBLIC_IMAGE",
                "os_name": "CentOS 8.2(arm64)",
                "platform": "CentOS",
                "snapshots": [],
                "support_cloud_init": true,
                "sync_percent": 0
              },
              {
                "architecture": "x86_64",
                "created_time": "",
                "image_creator": "",
                "image_description": "CentOS 8.0 64bit",
                "image_id": "img-25szkc8t",
                "image_name": "CentOS 8.0 64bit",
                "image_size": 20,
                "image_source": "OFFICIAL",
                "image_state": "NORMAL",
                "image_type": "PUBLIC_IMAGE",
                "os_name": "CentOS 8.0 64bit",
                "platform": "CentOS",
                "snapshots": [],
                "support_cloud_init": true,
                "sync_percent": 0
              },
              {
                "architecture": "x86_64",
                "created_time": "",
                "image_creator": "",
                "image_description": "CentOS 8.0 64bit GRID11.1",
                "image_id": "img-8exqoign",
                "image_name": "CentOS 8.0 64bit GRID11.1",
                "image_size": 20,
                "image_source": "OFFICIAL",
                "image_state": "NORMAL",
                "image_type": "PUBLIC_IMAGE",
                "os_name": "CentOS 8.0 64bit GRID11.1",
                "platform": "CentOS",
                "snapshots": [],
                "support_cloud_init": true,
                "sync_percent": 0
              },
              {
                "architecture": "x86_64",
                "created_time": "",
                "image_creator": "",
                "image_description": "CentOS 6.10 64bit",
                "image_id": "img-fizif873",
                "image_name": "CentOS 6.10 64bit",
                "image_size": 20,
                "image_source": "OFFICIAL",
                "image_state": "NORMAL",
                "image_type": "PUBLIC_IMAGE",
                "os_name": "CentOS 6.10 64bit",
                "platform": "CentOS",
                "snapshots": [],
                "support_cloud_init": true,
                "sync_percent": 0
              },
              {
                "architecture": "x86_64",
                "created_time": "",
                "image_creator": "",
                "image_description": "CentOS 6.9 64bit",
                "image_id": "img-i5u2lkoz",
                "image_name": "CentOS 6.9 64bit",
                "image_size": 20,
                "image_source": "OFFICIAL",
                "image_state": "NORMAL",
                "image_type": "PUBLIC_IMAGE",
                "os_name": "CentOS 6.9 64bit",
                "platform": "CentOS",
                "snapshots": [],
                "support_cloud_init": true,
                "sync_percent": 0
              },
              {
                "architecture": "i386",
                "created_time": "",
                "image_creator": "",
                "image_description": "CentOS 6.9 32bit",
                "image_id": "img-rtp44ucv",
                "image_name": "CentOS 6.9 32bit",
                "image_size": 20,
                "image_source": "OFFICIAL",
                "image_state": "NORMAL",
                "image_type": "PUBLIC_IMAGE",
                "os_name": "CentOS 6.9 32bit",
                "platform": "CentOS",
                "snapshots": [],
                "support_cloud_init": true,
                "sync_percent": 0
              },
              {
                "architecture": "x86_64",
                "created_time": "",
                "image_creator": "",
                "image_description": "CentOS 6.8 64bit",
                "image_id": "img-6ns5om13",
                "image_name": "CentOS 6.8 64bit",
                "image_size": 20,
                "image_source": "OFFICIAL",
                "image_state": "NORMAL",
                "image_type": "PUBLIC_IMAGE",
                "os_name": "CentOS 6.8 64bit",
                "platform": "CentOS",
                "snapshots": [],
                "support_cloud_init": true,
                "sync_percent": 0
              },
              {
                "architecture": "x86_64",
                "created_time": "",
                "image_creator": "",
                "image_description": "CentOS Stream 9 64bit",
                "image_id": "img-9xqekomx",
                "image_name": "CentOS Stream 9 64bit",
                "image_size": 20,
                "image_source": "OFFICIAL",
                "image_state": "NORMAL",
                "image_type": "PUBLIC_IMAGE",
                "os_name": "CentOS Stream 9 64bit",
                "platform": "CentOS Stream",
                "snapshots": [],
                "support_cloud_init": true,
                "sync_percent": 0
              },
              {
                "architecture": "x86_64",
                "created_time": "",
                "image_creator": "",
                "image_description": "CentOS Stream 8 64bit",
                "image_id": "img-8m9ugrip",
                "image_name": "CentOS Stream 8 64bit",
                "image_size": 20,
                "image_source": "OFFICIAL",
                "image_state": "NORMAL",
                "image_type": "PUBLIC_IMAGE",
                "os_name": "CentOS Stream 8 64bit",
                "platform": "CentOS Stream",
                "snapshots": [],
                "support_cloud_init": true,
                "sync_percent": 0
              },
              {
                "architecture": "arm",
                "created_time": "",
                "image_creator": "",
                "image_description": "TencentOS Server 4 for Arm64",
                "image_id": "img-evxu41q7",
                "image_name": "TencentOS Server 4 for Arm64",
                "image_size": 20,
                "image_source": "OFFICIAL",
                "image_state": "NORMAL",
                "image_type": "PUBLIC_IMAGE",
                "os_name": "TencentOS Server 4 for Arm64",
                "platform": "TencentOS",
                "snapshots": [],
                "support_cloud_init": true,
                "sync_percent": 0
              },
              {
                "architecture": "x86_64",
                "created_time": "",
                "image_creator": "",
                "image_description": "TencentOS Server 4 for x86_64",
                "image_id": "img-6n21msk1",
                "image_name": "TencentOS Server 4 for x86_64",
                "image_size": 20,
                "image_source": "OFFICIAL",
                "image_state": "NORMAL",
                "image_type": "PUBLIC_IMAGE",
                "os_name": "TencentOS Server 4 for x86_64",
                "platform": "TencentOS",
                "snapshots": [],
                "support_cloud_init": true,
                "sync_percent": 0
              }
            ],
            "instance_type": null,
            "os_name": "centos",
            "result_output_file": null
          },
          "sensitive_attributes": []
        }
      ]
    },
    {
      "mode": "data",
      "type": "tencentcloud_instance_types",
      "name": "default",
      "provider": "provider[\"registry.terraform.io/tencentcloudstack/tencentcloud\"]",
      "instances": [
        {
          "schema_version": 0,
          "attributes": {
            "availability_zone": null,
            "cpu_core_count": 2,
            "exclude_sold_out": false,
            "filter": null,
            "gpu_core_count": null,
            "id": "341962805",
            "instance_types": [
              {
                "availability_zone": "ap-guangzhou-6",
                "cpu_core_count": 2,
                "family": "M8",
                "gpu_core_count": 0,
                "instance_charge_type": "PREPAID",
                "instance_type": "M8.MEDIUM16",
                "memory_size": 16,
                "status": "SELL"
              },
              {
                "availability_zone": "ap-guangzhou-7",
                "cpu_core_count": 2,
                "family": "M8",
                "gpu_core_count": 0,
                "instance_charge_type": "PREPAID",
                "instance_type": "M8.MEDIUM16",
                "memory_size": 16,
                "status": "SELL"
              },
              {
                "availability_zone": "ap-guangzhou-6",
                "cpu_core_count": 2,
                "family": "M8",
                "gpu_core_count": 0,
                "instance_charge_type": "POSTPAID_BY_HOUR",
                "instance_type": "M8.MEDIUM16",
                "memory_size": 16,
                "status": "SELL"
              },
              {
                "availability_zone": "ap-guangzhou-7",
                "cpu_core_count": 2,
                "family": "M8",
                "gpu_core_count": 0,
                "instance_charge_type": "POSTPAID_BY_HOUR",
                "instance_type": "M8.MEDIUM16",
                "memory_size": 16,
                "status": "SELL"
              },
              {
                "availability_zone": "ap-guangzhou-6",
                "cpu_core_count": 2,
                "family": "M8",
                "gpu_core_count": 0,
                "instance_charge_type": "SPOTPAID",
                "instance_type": "M8.MEDIUM16",
                "memory_size": 16,
                "status": "SELL"
              },
              {
                "availability_zone": "ap-guangzhou-7",
                "cpu_core_count": 2,
                "family": "M8",
                "gpu_core_count": 0,
                "instance_charge_type": "SPOTPAID",
                "instance_type": "M8.MEDIUM16",
                "memory_size": 16,
                "status": "SELL"
              },
              {
                "availability_zone": "ap-guangzhou-6",
                "cpu_core_count": 2,
                "family": "SA5",
                "gpu_core_count": 0,
                "instance_charge_type": "PREPAID",
                "instance_type": "SA5.MEDIUM2",
                "memory_size": 2,
                "status": "SELL"
              },
              {
                "availability_zone": "ap-guangzhou-7",
                "cpu_core_count": 2,
                "family": "SA5",
                "gpu_core_count": 0,
                "instance_charge_type": "PREPAID",
                "instance_type": "SA5.MEDIUM2",
                "memory_size": 2,
                "status": "SELL"
              },
              {
                "availability_zone": "ap-guangzhou-6",
                "cpu_core_count": 2,
                "family": "SA5",
                "gpu_core_count": 0,
                "instance_charge_type": "POSTPAID_BY_HOUR",
                "instance_type": "SA5.MEDIUM2",
                "memory_size": 2,
                "status": "SELL"
              },
              {
                "availability_zone": "ap-guangzhou-7",
                "cpu_core_count": 2,
                "family": "SA5",
                "gpu_core_count": 0,
                "instance_charge_type": "POSTPAID_BY_HOUR",
                "instance_type": "SA5.MEDIUM2",
                "memory_size": 2,
                "status": "SELL"
              },
              {
                "availability_zone": "ap-guangzhou-7",
                "cpu_core_count": 2,
                "family": "SA5",
                "gpu_core_count": 0,
                "instance_charge_type": "SPOTPAID",
                "instance_type": "SA5.MEDIUM2",
                "memory_size": 2,
                "status": "SELL"
              },
              {
                "availability_zone": "ap-guangzhou-6",
                "cpu_core_count": 2,
                "family": "SA5",
                "gpu_core_count": 0,
                "instance_charge_type": "SPOTPAID",
                "instance_type": "SA5.MEDIUM2",
                "memory_size": 2,
                "status": "SELL"
              },
              {
                "availability_zone": "ap-guangzhou-6",
                "cpu_core_count": 2,
                "family": "SA5",
                "gpu_core_count": 0,
                "instance_charge_type": "PREPAID",
                "instance_type": "SA5.MEDIUM4",
                "memory_size": 4,
                "status": "SELL"
              },
              {
                "availability_zone": "ap-guangzhou-7",
                "cpu_core_count": 2,
                "family": "SA5",
                "gpu_core_count": 0,
                "instance_charge_type": "PREPAID",
                "instance_type": "SA5.MEDIUM4",
                "memory_size": 4,
                "status": "SELL"
              },
              {
                "availability_zone": "ap-guangzhou-6",
                "cpu_core_count": 2,
                "family": "SA5",
                "gpu_core_count": 0,
                "instance_charge_type": "POSTPAID_BY_HOUR",
                "instance_type": "SA5.MEDIUM4",
                "memory_size": 4,
                "status": "SELL"
              },
              {
                "availability_zone": "ap-guangzhou-7",
                "cpu_core_count": 2,
                "family": "SA5",
                "gpu_core_count": 0,
                "instance_charge_type": "POSTPAID_BY_HOUR",
                "instance_type": "SA5.MEDIUM4",
                "memory_size": 4,
                "status": "SELL"
              },
              {
                "availability_zone": "ap-guangzhou-6",
                "cpu_core_count": 2,
                "family": "SA5",
                "gpu_core_count": 0,
                "instance_charge_type": "SPOTPAID",
                "instance_type": "SA5.MEDIUM4",
                "memory_size": 4,
                "status": "SELL"
              },
              {
                "availability_zone": "ap-guangzhou-7",
                "cpu_core_count": 2,
                "family": "SA5",
                "gpu_core_count": 0,
                "instance_charge_type": "SPOTPAID",
                "instance_type": "SA5.MEDIUM4",
                "memory_size": 4,
                "status": "SELL"
              },
              {
                "availability_zone": "ap-guangzhou-6",
                "cpu_core_count": 2,
                "family": "S8",
                "gpu_core_count": 0,
                "instance_charge_type": "PREPAID",
                "instance_type": "S8.MEDIUM2",
                "memory_size": 2,
                "status": "SELL"
              },
              {
                "availability_zone": "ap-guangzhou-7",
                "cpu_core_count": 2,
                "family": "S8",
                "gpu_core_count": 0,
                "instance_charge_type": "PREPAID",
                "instance_type": "S8.MEDIUM2",
                "memory_size": 2,
                "status": "SELL"
              },
              {
                "availability_zone": "ap-guangzhou-6",
                "cpu_core_count": 2,
                "family": "S8",
                "gpu_core_count": 0,
                "instance_charge_type": "POSTPAID_BY_HOUR",
                "instance_type": "S8.MEDIUM2",
                "memory_size": 2,
                "status": "SELL"
              },
              {
                "availability_zone": "ap-guangzhou-7",
                "cpu_core_count": 2,
                "family": "S8",
                "gpu_core_count": 0,
                "instance_charge_type": "POSTPAID_BY_HOUR",
                "instance_type": "S8.MEDIUM2",
                "memory_size": 2,
                "status": "SELL"
              },
              {
                "availability_zone": "ap-guangzhou-6",
                "cpu_core_count": 2,
                "family": "S8",
                "gpu_core_count": 0,
                "instance_charge_type": "SPOTPAID",
                "instance_type": "S8.MEDIUM2",
                "memory_size": 2,
                "status": "SELL"
              },
              {
                "availability_zone": "ap-guangzhou-7",
                "cpu_core_count": 2,
                "family": "S8",
                "gpu_core_count": 0,
                "instance_charge_type": "SPOTPAID",
                "instance_type": "S8.MEDIUM2",
                "memory_size": 2,
                "status": "SELL"
              },
              {
                "availability_zone": "ap-guangzhou-6",
                "cpu_core_count": 2,
                "family": "S8",
                "gpu_core_count": 0,
                "instance_charge_type": "PREPAID",
                "instance_type": "S8.MEDIUM4",
                "memory_size": 4,
                "status": "SELL"
              },
              {
                "availability_zone": "ap-guangzhou-7",
                "cpu_core_count": 2,
                "family": "S8",
                "gpu_core_count": 0,
                "instance_charge_type": "PREPAID",
                "instance_type": "S8.MEDIUM4",
                "memory_size": 4,
                "status": "SELL"
              },
              {
                "availability_zone": "ap-guangzhou-6",
                "cpu_core_count": 2,
                "family": "S8",
                "gpu_core_count": 0,
                "instance_charge_type": "POSTPAID_BY_HOUR",
                "instance_type": "S8.MEDIUM4",
                "memory_size": 4,
                "status": "SELL"
              },
              {
                "availability_zone": "ap-guangzhou-7",
                "cpu_core_count": 2,
                "family": "S8",
                "gpu_core_count": 0,
                "instance_charge_type": "POSTPAID_BY_HOUR",
                "instance_type": "S8.MEDIUM4",
                "memory_size": 4,
                "status": "SELL"
              },
              {
                "availability_zone": "ap-guangzhou-6",
                "cpu_core_count": 2,
                "family": "S8",
                "gpu_core_count": 0,
                "instance_charge_type": "SPOTPAID",
                "instance_type": "S8.MEDIUM4",
                "memory_size": 4,
                "status": "SELL"
              },
              {
                "availability_zone": "ap-guangzhou-7",
                "cpu_core_count": 2,
                "family": "S8",
                "gpu_core_count": 0,
                "instance_charge_type": "SPOTPAID",
                "instance_type": "S8.MEDIUM4",
                "memory_size": 4,
                "status": "SELL"
              },
              {
                "availability_zone": "ap-guangzhou-6",
                "cpu_core_count": 2,
                "family": "S8",
                "gpu_core_count": 0,
                "instance_charge_type": "PREPAID",
                "instance_type": "S8.MEDIUM8",
                "memory_size": 8,
                "status": "SELL"
              },
              {
                "availability_zone": "ap-guangzhou-7",
                "cpu_core_count": 2,
                "family": "S8",
                "gpu_core_count": 0,
                "instance_charge_type": "PREPAID",
                "instance_type": "S8.MEDIUM8",
                "memory_size": 8,
                "status": "SELL"
              },
              {
                "availability_zone": "ap-guangzhou-6",
                "cpu_core_count": 2,
                "family": "S8",
                "gpu_core_count": 0,
                "instance_charge_type": "POSTPAID_BY_HOUR",
                "instance_type": "S8.MEDIUM8",
                "memory_size": 8,
                "status": "SELL"
              },
              {
                "availability_zone": "ap-guangzhou-7",
                "cpu_core_count": 2,
                "family": "S8",
                "gpu_core_count": 0,
                "instance_charge_type": "POSTPAID_BY_HOUR",
                "instance_type": "S8.MEDIUM8",
                "memory_size": 8,
                "status": "SELL"
              },
              {
                "availability_zone": "ap-guangzhou-6",
                "cpu_core_count": 2,
                "family": "S8",
                "gpu_core_count": 0,
                "instance_charge_type": "SPOTPAID",
                "instance_type": "S8.MEDIUM8",
                "memory_size": 8,
                "status": "SELL"
              },
              {
                "availability_zone": "ap-guangzhou-7",
                "cpu_core_count": 2,
                "family": "S8",
                "gpu_core_count": 0,
                "instance_charge_type": "SPOTPAID",
                "instance_type": "S8.MEDIUM8",
                "memory_size": 8,
                "status": "SELL"
              },
              {
                "availability_zone": "ap-guangzhou-6",
                "cpu_core_count": 2,
                "family": "SA4",
                "gpu_core_count": 0,
                "instance_charge_type": "PREPAID",
                "instance_type": "SA4.MEDIUM4",
                "memory_size": 4,
                "status": "SELL"
              },
              {
                "availability_zone": "ap-guangzhou-7",
                "cpu_core_count": 2,
                "family": "SA4",
                "gpu_core_count": 0,
                "instance_charge_type": "PREPAID",
                "instance_type": "SA4.MEDIUM4",
                "memory_size": 4,
                "status": "SELL"
              },
              {
                "availability_zone": "ap-guangzhou-6",
                "cpu_core_count": 2,
                "family": "SA4",
                "gpu_core_count": 0,
                "instance_charge_type": "POSTPAID_BY_HOUR",
                "instance_type": "SA4.MEDIUM4",
                "memory_size": 4,
                "status": "SELL"
              },
              {
                "availability_zone": "ap-guangzhou-7",
                "cpu_core_count": 2,
                "family": "SA4",
                "gpu_core_count": 0,
                "instance_charge_type": "POSTPAID_BY_HOUR",
                "instance_type": "SA4.MEDIUM4",
                "memory_size": 4,
                "status": "SELL"
              },
              {
                "availability_zone": "ap-guangzhou-7",
                "cpu_core_count": 2,
                "family": "SA4",
                "gpu_core_count": 0,
                "instance_charge_type": "SPOTPAID",
                "instance_type": "SA4.MEDIUM4",
                "memory_size": 4,
                "status": "SELL"
              },
              {
                "availability_zone": "ap-guangzhou-6",
                "cpu_core_count": 2,
                "family": "SA4",
                "gpu_core_count": 0,
                "instance_charge_type": "SPOTPAID",
                "instance_type": "SA4.MEDIUM4",
                "memory_size": 4,
                "status": "SELL"
              },
              {
                "availability_zone": "ap-guangzhou-6",
                "cpu_core_count": 2,
                "family": "SA4",
                "gpu_core_count": 0,
                "instance_charge_type": "PREPAID",
                "instance_type": "SA4.MEDIUM8",
                "memory_size": 8,
                "status": "SELL"
              },
              {
                "availability_zone": "ap-guangzhou-7",
                "cpu_core_count": 2,
                "family": "SA4",
                "gpu_core_count": 0,
                "instance_charge_type": "PREPAID",
                "instance_type": "SA4.MEDIUM8",
                "memory_size": 8,
                "status": "SELL"
              },
              {
                "availability_zone": "ap-guangzhou-6",
                "cpu_core_count": 2,
                "family": "SA4",
                "gpu_core_count": 0,
                "instance_charge_type": "POSTPAID_BY_HOUR",
                "instance_type": "SA4.MEDIUM8",
                "memory_size": 8,
                "status": "SELL"
              },
              {
                "availability_zone": "ap-guangzhou-7",
                "cpu_core_count": 2,
                "family": "SA4",
                "gpu_core_count": 0,
                "instance_charge_type": "POSTPAID_BY_HOUR",
                "instance_type": "SA4.MEDIUM8",
                "memory_size": 8,
                "status": "SELL"
              },
              {
                "availability_zone": "ap-guangzhou-7",
                "cpu_core_count": 2,
                "family": "SA4",
                "gpu_core_count": 0,
                "instance_charge_type": "SPOTPAID",
                "instance_type": "SA4.MEDIUM8",
                "memory_size": 8,
                "status": "SELL"
              },
              {
                "availability_zone": "ap-guangzhou-6",
                "cpu_core_count": 2,
                "family": "SA4",
                "gpu_core_count": 0,
                "instance_charge_type": "SPOTPAID",
                "instance_type": "SA4.MEDIUM8",
                "memory_size": 8,
                "status": "SELL"
              },
              {
                "availability_zone": "ap-guangzhou-6",
                "cpu_core_count": 2,
                "family": "S6",
                "gpu_core_count": 0,
                "instance_charge_type": "PREPAID",
                "instance_type": "S6.MEDIUM2",
                "memory_size": 2,
                "status": "SELL"
              },
              {
                "availability_zone": "ap-guangzhou-7",
                "cpu_core_count": 2,
                "family": "S6",
                "gpu_core_count": 0,
                "instance_charge_type": "PREPAID",
                "instance_type": "S6.MEDIUM2",
                "memory_size": 2,
                "status": "SELL"
              },
              {
                "availability_zone": "ap-guangzhou-6",
                "cpu_core_count": 2,
                "family": "S6",
                "gpu_core_count": 0,
                "instance_charge_type": "POSTPAID_BY_HOUR",
                "instance_type": "S6.MEDIUM2",
                "memory_size": 2,
                "status": "SELL"
              },
              {
                "availability_zone": "ap-guangzhou-7",
                "cpu_core_count": 2,
                "family": "S6",
                "gpu_core_count": 0,
                "instance_charge_type": "POSTPAID_BY_HOUR",
                "instance_type": "S6.MEDIUM2",
                "memory_size": 2,
                "status": "SELL"
              },
              {
                "availability_zone": "ap-guangzhou-6",
                "cpu_core_count": 2,
                "family": "S6",
                "gpu_core_count": 0,
                "instance_charge_type": "SPOTPAID",
                "instance_type": "S6.MEDIUM2",
                "memory_size": 2,
                "status": "SELL"
              },
              {
                "availability_zone": "ap-guangzhou-7",
                "cpu_core_count": 2,
                "family": "S6",
                "gpu_core_count": 0,
                "instance_charge_type": "SPOTPAID",
                "instance_type": "S6.MEDIUM2",
                "memory_size": 2,
                "status": "SELL"
              },
              {
                "availability_zone": "ap-guangzhou-6",
                "cpu_core_count": 2,
                "family": "S6",
                "gpu_core_count": 0,
                "instance_charge_type": "PREPAID",
                "instance_type": "S6.MEDIUM4",
                "memory_size": 4,
                "status": "SELL"
              },
              {
                "availability_zone": "ap-guangzhou-7",
                "cpu_core_count": 2,
                "family": "S6",
                "gpu_core_count": 0,
                "instance_charge_type": "PREPAID",
                "instance_type": "S6.MEDIUM4",
                "memory_size": 4,
                "status": "SELL"
              },
              {
                "availability_zone": "ap-guangzhou-6",
                "cpu_core_count": 2,
                "family": "S6",
                "gpu_core_count": 0,
                "instance_charge_type": "POSTPAID_BY_HOUR",
                "instance_type": "S6.MEDIUM4",
                "memory_size": 4,
                "status": "SELL"
              },
              {
                "availability_zone": "ap-guangzhou-7",
                "cpu_core_count": 2,
                "family": "S6",
                "gpu_core_count": 0,
                "instance_charge_type": "POSTPAID_BY_HOUR",
                "instance_type": "S6.MEDIUM4",
                "memory_size": 4,
                "status": "SELL"
              },
              {
                "availability_zone": "ap-guangzhou-6",
                "cpu_core_count": 2,
                "family": "S6",
                "gpu_core_count": 0,
                "instance_charge_type": "SPOTPAID",
                "instance_type": "S6.MEDIUM4",
                "memory_size": 4,
                "status": "SELL"
              },
              {
                "availability_zone": "ap-guangzhou-7",
                "cpu_core_count": 2,
                "family": "S6",
                "gpu_core_count": 0,
                "instance_charge_type": "SPOTPAID",
                "instance_type": "S6.MEDIUM4",
                "memory_size": 4,
                "status": "SELL"
              },
              {
                "availability_zone": "ap-guangzhou-6",
                "cpu_core_count": 2,
                "family": "S6",
                "gpu_core_count": 0,
                "instance_charge_type": "PREPAID",
                "instance_type": "S6.MEDIUM8",
                "memory_size": 8,
                "status": "SELL"
              },
              {
                "availability_zone": "ap-guangzhou-7",
                "cpu_core_count": 2,
                "family": "S6",
                "gpu_core_count": 0,
                "instance_charge_type": "PREPAID",
                "instance_type": "S6.MEDIUM8",
                "memory_size": 8,
                "status": "SELL"
              },
              {
                "availability_zone": "ap-guangzhou-6",
                "cpu_core_count": 2,
                "family": "S6",
                "gpu_core_count": 0,
                "instance_charge_type": "POSTPAID_BY_HOUR",
                "instance_type": "S6.MEDIUM8",
                "memory_size": 8,
                "status": "SELL"
              },
              {
                "availability_zone": "ap-guangzhou-7",
                "cpu_core_count": 2,
                "family": "S6",
                "gpu_core_count": 0,
                "instance_charge_type": "POSTPAID_BY_HOUR",
                "instance_type": "S6.MEDIUM8",
                "memory_size": 8,
                "status": "SELL"
              },
              {
                "availability_zone": "ap-guangzhou-6",
                "cpu_core_count": 2,
                "family": "S6",
                "gpu_core_count": 0,
                "instance_charge_type": "SPOTPAID",
                "instance_type": "S6.MEDIUM8",
                "memory_size": 8,
                "status": "SELL"
              },
              {
                "availability_zone": "ap-guangzhou-7",
                "cpu_core_count": 2,
                "family": "S6",
                "gpu_core_count": 0,
                "instance_charge_type": "SPOTPAID",
                "instance_type": "S6.MEDIUM8",
                "memory_size": 8,
                "status": "SELL"
              },
              {
                "availability_zone": "ap-guangzhou-6",
                "cpu_core_count": 2,
                "family": "SA3",
                "gpu_core_count": 0,
                "instance_charge_type": "PREPAID",
                "instance_type": "SA3.MEDIUM2",
                "memory_size": 2,
                "status": "SELL"
              },
              {
                "availability_zone": "ap-guangzhou-7",
                "cpu_core_count": 2,
                "family": "SA3",
                "gpu_core_count": 0,
                "instance_charge_type": "PREPAID",
                "instance_type": "SA3.MEDIUM2",
                "memory_size": 2,
                "status": "SELL"
              },
              {
                "availability_zone": "ap-guangzhou-6",
                "cpu_core_count": 2,
                "family": "SA3",
                "gpu_core_count": 0,
                "instance_charge_type": "POSTPAID_BY_HOUR",
                "instance_type": "SA3.MEDIUM2",
                "memory_size": 2,
                "status": "SELL"
              },
              {
                "availability_zone": "ap-guangzhou-7",
                "cpu_core_count": 2,
                "family": "SA3",
                "gpu_core_count": 0,
                "instance_charge_type": "POSTPAID_BY_HOUR",
                "instance_type": "SA3.MEDIUM2",
                "memory_size": 2,
                "status": "SELL"
              },
              {
                "availability_zone": "ap-guangzhou-6",
                "cpu_core_count": 2,
                "family": "SA3",
                "gpu_core_count": 0,
                "instance_charge_type": "SPOTPAID",
                "instance_type": "SA3.MEDIUM2",
                "memory_size": 2,
                "status": "SELL"
              },
              {
                "availability_zone": "ap-guangzhou-7",
                "cpu_core_count": 2,
                "family": "SA3",
                "gpu_core_count": 0,
                "instance_charge_type": "SPOTPAID",
                "instance_type": "SA3.MEDIUM2",
                "memory_size": 2,
                "status": "SELL"
              },
              {
                "availability_zone": "ap-guangzhou-6",
                "cpu_core_count": 2,
                "family": "SA3",
                "gpu_core_count": 0,
                "instance_charge_type": "PREPAID",
                "instance_type": "SA3.MEDIUM4",
                "memory_size": 4,
                "status": "SELL"
              },
              {
                "availability_zone": "ap-guangzhou-7",
                "cpu_core_count": 2,
                "family": "SA3",
                "gpu_core_count": 0,
                "instance_charge_type": "PREPAID",
                "instance_type": "SA3.MEDIUM4",
                "memory_size": 4,
                "status": "SELL"
              },
              {
                "availability_zone": "ap-guangzhou-6",
                "cpu_core_count": 2,
                "family": "SA3",
                "gpu_core_count": 0,
                "instance_charge_type": "POSTPAID_BY_HOUR",
                "instance_type": "SA3.MEDIUM4",
                "memory_size": 4,
                "status": "SELL"
              },
              {
                "availability_zone": "ap-guangzhou-7",
                "cpu_core_count": 2,
                "family": "SA3",
                "gpu_core_count": 0,
                "instance_charge_type": "POSTPAID_BY_HOUR",
                "instance_type": "SA3.MEDIUM4",
                "memory_size": 4,
                "status": "SELL"
              },
              {
                "availability_zone": "ap-guangzhou-6",
                "cpu_core_count": 2,
                "family": "SA3",
                "gpu_core_count": 0,
                "instance_charge_type": "SPOTPAID",
                "instance_type": "SA3.MEDIUM4",
                "memory_size": 4,
                "status": "SELL"
              },
              {
                "availability_zone": "ap-guangzhou-7",
                "cpu_core_count": 2,
                "family": "SA3",
                "gpu_core_count": 0,
                "instance_charge_type": "SPOTPAID",
                "instance_type": "SA3.MEDIUM4",
                "memory_size": 4,
                "status": "SELL"
              },
              {
                "availability_zone": "ap-guangzhou-6",
                "cpu_core_count": 2,
                "family": "SA3",
                "gpu_core_count": 0,
                "instance_charge_type": "PREPAID",
                "instance_type": "SA3.MEDIUM8",
                "memory_size": 8,
                "status": "SELL"
              },
              {
                "availability_zone": "ap-guangzhou-7",
                "cpu_core_count": 2,
                "family": "SA3",
                "gpu_core_count": 0,
                "instance_charge_type": "PREPAID",
                "instance_type": "SA3.MEDIUM8",
                "memory_size": 8,
                "status": "SELL"
              },
              {
                "availability_zone": "ap-guangzhou-6",
                "cpu_core_count": 2,
                "family": "SA3",
                "gpu_core_count": 0,
                "instance_charge_type": "POSTPAID_BY_HOUR",
                "instance_type": "SA3.MEDIUM8",
                "memory_size": 8,
                "status": "SELL"
              },
              {
                "availability_zone": "ap-guangzhou-7",
                "cpu_core_count": 2,
                "family": "SA3",
                "gpu_core_count": 0,
                "instance_charge_type": "POSTPAID_BY_HOUR",
                "instance_type": "SA3.MEDIUM8",
                "memory_size": 8,
                "status": "SELL"
              },
              {
                "availability_zone": "ap-guangzhou-6",
                "cpu_core_count": 2,
                "family": "SA3",
                "gpu_core_count": 0,
                "instance_charge_type": "SPOTPAID",
                "instance_type": "SA3.MEDIUM8",
                "memory_size": 8,
                "status": "SELL"
              },
              {
                "availability_zone": "ap-guangzhou-7",
                "cpu_core_count": 2,
                "family": "SA3",
                "gpu_core_count": 0,
                "instance_charge_type": "SPOTPAID",
                "instance_type": "SA3.MEDIUM8",
                "memory_size": 8,
                "status": "SELL"
              },
              {
                "availability_zone": "ap-guangzhou-6",
                "cpu_core_count": 2,
                "family": "S5",
                "gpu_core_count": 0,
                "instance_charge_type": "PREPAID",
                "instance_type": "S5.MEDIUM2",
                "memory_size": 2,
                "status": "SELL"
              },
              {
                "availability_zone": "ap-guangzhou-7",
                "cpu_core_count": 2,
                "family": "S5",
                "gpu_core_count": 0,
                "instance_charge_type": "PREPAID",
                "instance_type": "S5.MEDIUM2",
                "memory_size": 2,
                "status": "SELL"
              },
              {
                "availability_zone": "ap-guangzhou-6",
                "cpu_core_count": 2,
                "family": "S5",
                "gpu_core_count": 0,
                "instance_charge_type": "POSTPAID_BY_HOUR",
                "instance_type": "S5.MEDIUM2",
                "memory_size": 2,
                "status": "SELL"
              },
              {
                "availability_zone": "ap-guangzhou-7",
                "cpu_core_count": 2,
                "family": "S5",
                "gpu_core_count": 0,
                "instance_charge_type": "POSTPAID_BY_HOUR",
                "instance_type": "S5.MEDIUM2",
                "memory_size": 2,
                "status": "SELL"
              },
              {
                "availability_zone": "ap-guangzhou-6",
                "cpu_core_count": 2,
                "family": "S5",
                "gpu_core_count": 0,
                "instance_charge_type": "SPOTPAID",
                "instance_type": "S5.MEDIUM2",
                "memory_size": 2,
                "status": "SELL"
              },
              {
                "availability_zone": "ap-guangzhou-7",
                "cpu_core_count": 2,
                "family": "S5",
                "gpu_core_count": 0,
                "instance_charge_type": "SPOTPAID",
                "instance_type": "S5.MEDIUM2",
                "memory_size": 2,
                "status": "SELL"
              },
              {
                "availability_zone": "ap-guangzhou-6",
                "cpu_core_count": 2,
                "family": "S5",
                "gpu_core_count": 0,
                "instance_charge_type": "PREPAID",
                "instance_type": "S5.MEDIUM4",
                "memory_size": 4,
                "status": "SELL"
              },
              {
                "availability_zone": "ap-guangzhou-7",
                "cpu_core_count": 2,
                "family": "S5",
                "gpu_core_count": 0,
                "instance_charge_type": "PREPAID",
                "instance_type": "S5.MEDIUM4",
                "memory_size": 4,
                "status": "SELL"
              },
              {
                "availability_zone": "ap-guangzhou-6",
                "cpu_core_count": 2,
                "family": "S5",
                "gpu_core_count": 0,
                "instance_charge_type": "POSTPAID_BY_HOUR",
                "instance_type": "S5.MEDIUM4",
                "memory_size": 4,
                "status": "SELL"
              },
              {
                "availability_zone": "ap-guangzhou-7",
                "cpu_core_count": 2,
                "family": "S5",
                "gpu_core_count": 0,
                "instance_charge_type": "POSTPAID_BY_HOUR",
                "instance_type": "S5.MEDIUM4",
                "memory_size": 4,
                "status": "SELL"
              },
              {
                "availability_zone": "ap-guangzhou-6",
                "cpu_core_count": 2,
                "family": "S5",
                "gpu_core_count": 0,
                "instance_charge_type": "SPOTPAID",
                "instance_type": "S5.MEDIUM4",
                "memory_size": 4,
                "status": "SELL"
              },
              {
                "availability_zone": "ap-guangzhou-7",
                "cpu_core_count": 2,
                "family": "S5",
                "gpu_core_count": 0,
                "instance_charge_type": "SPOTPAID",
                "instance_type": "S5.MEDIUM4",
                "memory_size": 4,
                "status": "SELL"
              },
              {
                "availability_zone": "ap-guangzhou-6",
                "cpu_core_count": 2,
                "family": "S5",
                "gpu_core_count": 0,
                "instance_charge_type": "PREPAID",
                "instance_type": "S5.MEDIUM8",
                "memory_size": 8,
                "status": "SELL"
              },
              {
                "availability_zone": "ap-guangzhou-7",
                "cpu_core_count": 2,
                "family": "S5",
                "gpu_core_count": 0,
                "instance_charge_type": "PREPAID",
                "instance_type": "S5.MEDIUM8",
                "memory_size": 8,
                "status": "SELL"
              },
              {
                "availability_zone": "ap-guangzhou-6",
                "cpu_core_count": 2,
                "family": "S5",
                "gpu_core_count": 0,
                "instance_charge_type": "POSTPAID_BY_HOUR",
                "instance_type": "S5.MEDIUM8",
                "memory_size": 8,
                "status": "SELL"
              },
              {
                "availability_zone": "ap-guangzhou-7",
                "cpu_core_count": 2,
                "family": "S5",
                "gpu_core_count": 0,
                "instance_charge_type": "POSTPAID_BY_HOUR",
                "instance_type": "S5.MEDIUM8",
                "memory_size": 8,
                "status": "SELL"
              },
              {
                "availability_zone": "ap-guangzhou-6",
                "cpu_core_count": 2,
                "family": "S5",
                "gpu_core_count": 0,
                "instance_charge_type": "SPOTPAID",
                "instance_type": "S5.MEDIUM8",
                "memory_size": 8,
                "status": "SELL"
              },
              {
                "availability_zone": "ap-guangzhou-7",
                "cpu_core_count": 2,
                "family": "S5",
                "gpu_core_count": 0,
                "instance_charge_type": "SPOTPAID",
                "instance_type": "S5.MEDIUM8",
                "memory_size": 8,
                "status": "SELL"
              },
              {
                "availability_zone": "ap-guangzhou-6",
                "cpu_core_count": 2,
                "family": "SA2",
                "gpu_core_count": 0,
                "instance_charge_type": "PREPAID",
                "instance_type": "SA2.MEDIUM2",
                "memory_size": 2,
                "status": "SELL"
              },
              {
                "availability_zone": "ap-guangzhou-7",
                "cpu_core_count": 2,
                "family": "SA2",
                "gpu_core_count": 0,
                "instance_charge_type": "PREPAID",
                "instance_type": "SA2.MEDIUM2",
                "memory_size": 2,
                "status": "SELL"
              },
              {
                "availability_zone": "ap-guangzhou-6",
                "cpu_core_count": 2,
                "family": "SA2",
                "gpu_core_count": 0,
                "instance_charge_type": "POSTPAID_BY_HOUR",
                "instance_type": "SA2.MEDIUM2",
                "memory_size": 2,
                "status": "SELL"
              },
              {
                "availability_zone": "ap-guangzhou-7",
                "cpu_core_count": 2,
                "family": "SA2",
                "gpu_core_count": 0,
                "instance_charge_type": "POSTPAID_BY_HOUR",
                "instance_type": "SA2.MEDIUM2",
                "memory_size": 2,
                "status": "SELL"
              },
              {
                "availability_zone": "ap-guangzhou-6",
                "cpu_core_count": 2,
                "family": "SA2",
                "gpu_core_count": 0,
                "instance_charge_type": "SPOTPAID",
                "instance_type": "SA2.MEDIUM2",
                "memory_size": 2,
                "status": "SELL"
              },
              {
                "availability_zone": "ap-guangzhou-7",
                "cpu_core_count": 2,
                "family": "SA2",
                "gpu_core_count": 0,
                "instance_charge_type": "SPOTPAID",
                "instance_type": "SA2.MEDIUM2",
                "memory_size": 2,
                "status": "SELL"
              },
              {
                "availability_zone": "ap-guangzhou-6",
                "cpu_core_count": 2,
                "family": "SA2",
                "gpu_core_count": 0,
                "instance_charge_type": "PREPAID",
                "instance_type": "SA2.MEDIUM4",
                "memory_size": 4,
                "status": "SELL"
              },
              {
                "availability_zone": "ap-guangzhou-7",
                "cpu_core_count": 2,
                "family": "SA2",
                "gpu_core_count": 0,
                "instance_charge_type": "PREPAID",
                "instance_type": "SA2.MEDIUM4",
                "memory_size": 4,
                "status": "SELL"
              },
              {
                "availability_zone": "ap-guangzhou-6",
                "cpu_core_count": 2,
                "family": "SA2",
                "gpu_core_count": 0,
                "instance_charge_type": "POSTPAID_BY_HOUR",
                "instance_type": "SA2.MEDIUM4",
                "memory_size": 4,
                "status": "SELL"
              },
              {
                "availability_zone": "ap-guangzhou-7",
                "cpu_core_count": 2,
                "family": "SA2",
                "gpu_core_count": 0,
                "instance_charge_type": "POSTPAID_BY_HOUR",
                "instance_type": "SA2.MEDIUM4",
                "memory_size": 4,
                "status": "SELL"
              },
              {
                "availability_zone": "ap-guangzhou-6",
                "cpu_core_count": 2,
                "family": "SA2",
                "gpu_core_count": 0,
                "instance_charge_type": "SPOTPAID",
                "instance_type": "SA2.MEDIUM4",
                "memory_size": 4,
                "status": "SELL"
              },
              {
                "availability_zone": "ap-guangzhou-7",
                "cpu_core_count": 2,
                "family": "SA2",
                "gpu_core_count": 0,
                "instance_charge_type": "SPOTPAID",
                "instance_type": "SA2.MEDIUM4",
                "memory_size": 4,
                "status": "SELL"
              },
              {
                "availability_zone": "ap-guangzhou-6",
                "cpu_core_count": 2,
                "family": "SA2",
                "gpu_core_count": 0,
                "instance_charge_type": "PREPAID",
                "instance_type": "SA2.MEDIUM8",
                "memory_size": 8,
                "status": "SELL"
              },
              {
                "availability_zone": "ap-guangzhou-7",
                "cpu_core_count": 2,
                "family": "SA2",
                "gpu_core_count": 0,
                "instance_charge_type": "PREPAID",
                "instance_type": "SA2.MEDIUM8",
                "memory_size": 8,
                "status": "SELL"
              },
              {
                "availability_zone": "ap-guangzhou-6",
                "cpu_core_count": 2,
                "family": "SA2",
                "gpu_core_count": 0,
                "instance_charge_type": "POSTPAID_BY_HOUR",
                "instance_type": "SA2.MEDIUM8",
                "memory_size": 8,
                "status": "SELL"
              },
              {
                "availability_zone": "ap-guangzhou-7",
                "cpu_core_count": 2,
                "family": "SA2",
                "gpu_core_count": 0,
                "instance_charge_type": "POSTPAID_BY_HOUR",
                "instance_type": "SA2.MEDIUM8",
                "memory_size": 8,
                "status": "SELL"
              },
              {
                "availability_zone": "ap-guangzhou-6",
                "cpu_core_count": 2,
                "family": "SA2",
                "gpu_core_count": 0,
                "instance_charge_type": "SPOTPAID",
                "instance_type": "SA2.MEDIUM8",
                "memory_size": 8,
                "status": "SELL"
              },
              {
                "availability_zone": "ap-guangzhou-7",
                "cpu_core_count": 2,
                "family": "SA2",
                "gpu_core_count": 0,
                "instance_charge_type": "SPOTPAID",
                "instance_type": "SA2.MEDIUM8",
                "memory_size": 8,
                "status": "SELL"
              },
              {
                "availability_zone": "ap-guangzhou-6",
                "cpu_core_count": 2,
                "family": "SR1",
                "gpu_core_count": 0,
                "instance_charge_type": "PREPAID",
                "instance_type": "SR1.MEDIUM2",
                "memory_size": 2,
                "status": "SELL"
              },
              {
                "availability_zone": "ap-guangzhou-7",
                "cpu_core_count": 2,
                "family": "SR1",
                "gpu_core_count": 0,
                "instance_charge_type": "PREPAID",
                "instance_type": "SR1.MEDIUM2",
                "memory_size": 2,
                "status": "SELL"
              },
              {
                "availability_zone": "ap-guangzhou-6",
                "cpu_core_count": 2,
                "family": "SR1",
                "gpu_core_count": 0,
                "instance_charge_type": "POSTPAID_BY_HOUR",
                "instance_type": "SR1.MEDIUM2",
                "memory_size": 2,
                "status": "SELL"
              },
              {
                "availability_zone": "ap-guangzhou-7",
                "cpu_core_count": 2,
                "family": "SR1",
                "gpu_core_count": 0,
                "instance_charge_type": "POSTPAID_BY_HOUR",
                "instance_type": "SR1.MEDIUM2",
                "memory_size": 2,
                "status": "SELL"
              },
              {
                "availability_zone": "ap-guangzhou-6",
                "cpu_core_count": 2,
                "family": "SR1",
                "gpu_core_count": 0,
                "instance_charge_type": "SPOTPAID",
                "instance_type": "SR1.MEDIUM2",
                "memory_size": 2,
                "status": "SELL"
              },
              {
                "availability_zone": "ap-guangzhou-6",
                "cpu_core_count": 2,
                "family": "SR1",
                "gpu_core_count": 0,
                "instance_charge_type": "PREPAID",
                "instance_type": "SR1.MEDIUM4",
                "memory_size": 4,
                "status": "SELL"
              },
              {
                "availability_zone": "ap-guangzhou-7",
                "cpu_core_count": 2,
                "family": "SR1",
                "gpu_core_count": 0,
                "instance_charge_type": "PREPAID",
                "instance_type": "SR1.MEDIUM4",
                "memory_size": 4,
                "status": "SELL"
              },
              {
                "availability_zone": "ap-guangzhou-6",
                "cpu_core_count": 2,
                "family": "SR1",
                "gpu_core_count": 0,
                "instance_charge_type": "POSTPAID_BY_HOUR",
                "instance_type": "SR1.MEDIUM4",
                "memory_size": 4,
                "status": "SELL"
              },
              {
                "availability_zone": "ap-guangzhou-7",
                "cpu_core_count": 2,
                "family": "SR1",
                "gpu_core_count": 0,
                "instance_charge_type": "POSTPAID_BY_HOUR",
                "instance_type": "SR1.MEDIUM4",
                "memory_size": 4,
                "status": "SELL"
              },
              {
                "availability_zone": "ap-guangzhou-6",
                "cpu_core_count": 2,
                "family": "SR1",
                "gpu_core_count": 0,
                "instance_charge_type": "SPOTPAID",
                "instance_type": "SR1.MEDIUM4",
                "memory_size": 4,
                "status": "SELL"
              },
              {
                "availability_zone": "ap-guangzhou-6",
                "cpu_core_count": 2,
                "family": "SR1",
                "gpu_core_count": 0,
                "instance_charge_type": "PREPAID",
                "instance_type": "SR1.MEDIUM8",
                "memory_size": 8,
                "status": "SELL"
              },
              {
                "availability_zone": "ap-guangzhou-7",
                "cpu_core_count": 2,
                "family": "SR1",
                "gpu_core_count": 0,
                "instance_charge_type": "PREPAID",
                "instance_type": "SR1.MEDIUM8",
                "memory_size": 8,
                "status": "SELL"
              },
              {
                "availability_zone": "ap-guangzhou-6",
                "cpu_core_count": 2,
                "family": "SR1",
                "gpu_core_count": 0,
                "instance_charge_type": "POSTPAID_BY_HOUR",
                "instance_type": "SR1.MEDIUM8",
                "memory_size": 8,
                "status": "SELL"
              },
              {
                "availability_zone": "ap-guangzhou-7",
                "cpu_core_count": 2,
                "family": "SR1",
                "gpu_core_count": 0,
                "instance_charge_type": "POSTPAID_BY_HOUR",
                "instance_type": "SR1.MEDIUM8",
                "memory_size": 8,
                "status": "SELL"
              },
              {
                "availability_zone": "ap-guangzhou-6",
                "cpu_core_count": 2,
                "family": "SR1",
                "gpu_core_count": 0,
                "instance_charge_type": "SPOTPAID",
                "instance_type": "SR1.MEDIUM8",
                "memory_size": 8,
                "status": "SELL"
              },
              {
                "availability_zone": "ap-guangzhou-6",
                "cpu_core_count": 2,
                "family": "BF1",
                "gpu_core_count": 0,
                "instance_charge_type": "PREPAID",
                "instance_type": "BF1.MEDIUM2",
                "memory_size": 2,
                "status": "SELL"
              },
              {
                "availability_zone": "ap-guangzhou-7",
                "cpu_core_count": 2,
                "family": "BF1",
                "gpu_core_count": 0,
                "instance_charge_type": "PREPAID",
                "instance_type": "BF1.MEDIUM2",
                "memory_size": 2,
                "status": "SELL"
              },
              {
                "availability_zone": "ap-guangzhou-6",
                "cpu_core_count": 2,
                "family": "BF1",
                "gpu_core_count": 0,
                "instance_charge_type": "POSTPAID_BY_HOUR",
                "instance_type": "BF1.MEDIUM2",
                "memory_size": 2,
                "status": "SELL"
              },
              {
                "availability_zone": "ap-guangzhou-7",
                "cpu_core_count": 2,
                "family": "BF1",
                "gpu_core_count": 0,
                "instance_charge_type": "POSTPAID_BY_HOUR",
                "instance_type": "BF1.MEDIUM2",
                "memory_size": 2,
                "status": "SELL"
              },
              {
                "availability_zone": "ap-guangzhou-6",
                "cpu_core_count": 2,
                "family": "BF1",
                "gpu_core_count": 0,
                "instance_charge_type": "SPOTPAID",
                "instance_type": "BF1.MEDIUM2",
                "memory_size": 2,
                "status": "SELL"
              },
              {
                "availability_zone": "ap-guangzhou-6",
                "cpu_core_count": 2,
                "family": "BF1",
                "gpu_core_count": 0,
                "instance_charge_type": "PREPAID",
                "instance_type": "BF1.MEDIUM4",
                "memory_size": 4,
                "status": "SELL"
              },
              {
                "availability_zone": "ap-guangzhou-7",
                "cpu_core_count": 2,
                "family": "BF1",
                "gpu_core_count": 0,
                "instance_charge_type": "PREPAID",
                "instance_type": "BF1.MEDIUM4",
                "memory_size": 4,
                "status": "SELL"
              },
              {
                "availability_zone": "ap-guangzhou-6",
                "cpu_core_count": 2,
                "family": "BF1",
                "gpu_core_count": 0,
                "instance_charge_type": "POSTPAID_BY_HOUR",
                "instance_type": "BF1.MEDIUM4",
                "memory_size": 4,
                "status": "SELL"
              },
              {
                "availability_zone": "ap-guangzhou-7",
                "cpu_core_count": 2,
                "family": "BF1",
                "gpu_core_count": 0,
                "instance_charge_type": "POSTPAID_BY_HOUR",
                "instance_type": "BF1.MEDIUM4",
                "memory_size": 4,
                "status": "SELL"
              },
              {
                "availability_zone": "ap-guangzhou-6",
                "cpu_core_count": 2,
                "family": "BF1",
                "gpu_core_count": 0,
                "instance_charge_type": "SPOTPAID",
                "instance_type": "BF1.MEDIUM4",
                "memory_size": 4,
                "status": "SELL"
              },
              {
                "availability_zone": "ap-guangzhou-6",
                "cpu_core_count": 2,
                "family": "BF1",
                "gpu_core_count": 0,
                "instance_charge_type": "PREPAID",
                "instance_type": "BF1.MEDIUM8",
                "memory_size": 8,
                "status": "SELL"
              },
              {
                "availability_zone": "ap-guangzhou-6",
                "cpu_core_count": 2,
                "family": "BF1",
                "gpu_core_count": 0,
                "instance_charge_type": "POSTPAID_BY_HOUR",
                "instance_type": "BF1.MEDIUM8",
                "memory_size": 8,
                "status": "SELL"
              },
              {
                "availability_zone": "ap-guangzhou-6",
                "cpu_core_count": 2,
                "family": "BF1",
                "gpu_core_count": 0,
                "instance_charge_type": "SPOTPAID",
                "instance_type": "BF1.MEDIUM8",
                "memory_size": 8,
                "status": "SELL"
              },
              {
                "availability_zone": "ap-guangzhou-6",
                "cpu_core_count": 2,
                "family": "MA3",
                "gpu_core_count": 0,
                "instance_charge_type": "PREPAID",
                "instance_type": "MA3.MEDIUM16",
                "memory_size": 16,
                "status": "SELL"
              },
              {
                "availability_zone": "ap-guangzhou-6",
                "cpu_core_count": 2,
                "family": "MA3",
                "gpu_core_count": 0,
                "instance_charge_type": "POSTPAID_BY_HOUR",
                "instance_type": "MA3.MEDIUM16",
                "memory_size": 16,
                "status": "SELL"
              },
              {
                "availability_zone": "ap-guangzhou-6",
                "cpu_core_count": 2,
                "family": "MA3",
                "gpu_core_count": 0,
                "instance_charge_type": "SPOTPAID",
                "instance_type": "MA3.MEDIUM16",
                "memory_size": 16,
                "status": "SELL"
              },
              {
                "availability_zone": "ap-guangzhou-6",
                "cpu_core_count": 2,
                "family": "M5",
                "gpu_core_count": 0,
                "instance_charge_type": "PREPAID",
                "instance_type": "M5.MEDIUM16",
                "memory_size": 16,
                "status": "SELL"
              },
              {
                "availability_zone": "ap-guangzhou-7",
                "cpu_core_count": 2,
                "family": "M5",
                "gpu_core_count": 0,
                "instance_charge_type": "PREPAID",
                "instance_type": "M5.MEDIUM16",
                "memory_size": 16,
                "status": "SELL"
              },
              {
                "availability_zone": "ap-guangzhou-6",
                "cpu_core_count": 2,
                "family": "M5",
                "gpu_core_count": 0,
                "instance_charge_type": "POSTPAID_BY_HOUR",
                "instance_type": "M5.MEDIUM16",
                "memory_size": 16,
                "status": "SELL"
              },
              {
                "availability_zone": "ap-guangzhou-7",
                "cpu_core_count": 2,
                "family": "M5",
                "gpu_core_count": 0,
                "instance_charge_type": "POSTPAID_BY_HOUR",
                "instance_type": "M5.MEDIUM16",
                "memory_size": 16,
                "status": "SELL"
              },
              {
                "availability_zone": "ap-guangzhou-6",
                "cpu_core_count": 2,
                "family": "M5",
                "gpu_core_count": 0,
                "instance_charge_type": "SPOTPAID",
                "instance_type": "M5.MEDIUM16",
                "memory_size": 16,
                "status": "SELL"
              },
              {
                "availability_zone": "ap-guangzhou-7",
                "cpu_core_count": 2,
                "family": "M5",
                "gpu_core_count": 0,
                "instance_charge_type": "SPOTPAID",
                "instance_type": "M5.MEDIUM16",
                "memory_size": 16,
                "status": "SELL"
              },
              {
                "availability_zone": "ap-guangzhou-7",
                "cpu_core_count": 2,
                "family": "BF1",
                "gpu_core_count": 0,
                "instance_charge_type": "SPOTPAID",
                "instance_type": "BF1.MEDIUM2",
                "memory_size": 2,
                "status": "SOLD_OUT"
              },
              {
                "availability_zone": "ap-guangzhou-7",
                "cpu_core_count": 2,
                "family": "BF1",
                "gpu_core_count": 0,
                "instance_charge_type": "SPOTPAID",
                "instance_type": "BF1.MEDIUM4",
                "memory_size": 4,
                "status": "SOLD_OUT"
              },
              {
                "availability_zone": "ap-guangzhou-7",
                "cpu_core_count": 2,
                "family": "BF1",
                "gpu_core_count": 0,
                "instance_charge_type": "PREPAID",
                "instance_type": "BF1.MEDIUM8",
                "memory_size": 8,
                "status": "SOLD_OUT"
              },
              {
                "availability_zone": "ap-guangzhou-7",
                "cpu_core_count": 2,
                "family": "BF1",
                "gpu_core_count": 0,
                "instance_charge_type": "POSTPAID_BY_HOUR",
                "instance_type": "BF1.MEDIUM8",
                "memory_size": 8,
                "status": "SOLD_OUT"
              },
              {
                "availability_zone": "ap-guangzhou-7",
                "cpu_core_count": 2,
                "family": "BF1",
                "gpu_core_count": 0,
                "instance_charge_type": "SPOTPAID",
                "instance_type": "BF1.MEDIUM8",
                "memory_size": 8,
                "status": "SOLD_OUT"
              }
            ],
            "memory_size": null,
            "result_output_file": null
          },
          "sensitive_attributes": []
        }
      ]
    },
    {
      "mode": "managed",
      "type": "tencentcloud_instance",
      "name": "web",
      "provider": "provider[\"registry.terraform.io/tencentcloudstack/tencentcloud\"]",
      "instances": [
        {
          "schema_version": 0,
          "attributes": {
            "allocate_public_ip": true,
            "availability_zone": "ap-guangzhou-6",
            "bandwidth_package_id": null,
            "cam_role_name": "",
            "cdh_host_id": null,
            "cdh_instance_type": null,
            "cpu": 2,
            "create_time": "2024-09-06T10:32:55Z",
            "data_disks": [],
            "dedicated_cluster_id": "",
            "disable_api_termination": false,
            "disable_monitor_service": null,
            "disable_security_service": null,
            "expired_time": "",
            "force_delete": null,
            "hostname": null,
            "id": "ins-eaiug6lk",
            "image_id": "img-eb30mz89",
            "instance_charge_type": "POSTPAID_BY_HOUR",
            "instance_charge_type_prepaid_period": null,
            "instance_charge_type_prepaid_renew_flag": "",
            "instance_count": null,
            "instance_name": "web server",
            "instance_status": "RUNNING",
            "instance_type": "M8.MEDIUM16",
            "internet_charge_type": "TRAFFIC_POSTPAID_BY_HOUR",
            "internet_max_bandwidth_out": 20,
            "keep_image_login": null,
            "key_ids": [],
            "key_name": "",
            "memory": 16,
            "orderly_security_groups": [
              "sg-rr3pdp6p"
            ],
            "os_name": "TencentOS Server 3.1 (TK4)",
            "password": null,
            "placement_group_id": null,
            "private_ip": "172.16.0.8",
            "project_id": 0,
            "public_ip": "43.139.235.11",
            "running_flag": true,
            "security_groups": [
              "sg-rr3pdp6p"
            ],
            "spot_instance_type": null,
            "spot_max_price": null,
            "stopped_mode": null,
            "subnet_id": "subnet-rsg031co",
            "system_disk_id": "disk-jia32qtg",
            "system_disk_resize_online": null,
            "system_disk_size": 50,
            "system_disk_type": "CLOUD_PREMIUM",
            "tags": {},
            "timeouts": {
              "create": null
            },
            "user_data": null,
            "user_data_raw": null,
            "uuid": "3e35cf20-a589-4210-9b52-91bdfaad23f0",
            "vpc_id": "vpc-pa7o59ev"
          },
          "sensitive_attributes": [
            [
              {
                "type": "get_attr",
                "value": "password"
              }
            ]
          ],
          "private": "eyJlMmJmYjczMC1lY2FhLTExZTYtOGY4OC0zNDM2M2JjN2M0YzAiOnsiY3JlYXRlIjo5MDAwMDAwMDAwMDB9LCJzY2hlbWFfdmVyc2lvbiI6IjAifQ=="
        }
      ]
    }
  ],
  "check_results": null
}
